
Microsoft Visual Studio Solution File, Format Version 12.00
# Visual Studio Version 16
VisualStudioVersion = 16.0.32002.261
MinimumVisualStudioVersion = 10.0.40219.1
Project("{FAE04EC0-301F-11D3-BF4B-00C04F79EFBC}") = "web_API", "web_API\web_API.csproj", "{AF460531-B6B3-4D69-97B9-32EDC223E4AB}"
EndProject
Global
	GlobalSection(SolutionConfigurationPlatforms) = preSolution
		Debug|Any CPU = Debug|Any CPU
		Release|Any CPU = Release|Any CPU
	EndGlobalSection
	GlobalSection(ProjectConfigurationPlatforms) = postSolution
		{AF460531-B6B3-4D69-97B9-32EDC223E4AB}.Debug|Any CPU.ActiveCfg = Debug|Any CPU
		{AF460531-B6B3-4D69-97B9-32EDC223E4AB}.Debug|Any CPU.Build.0 = Debug|Any CPU
		{AF460531-B6B3-4D69-97B9-32EDC223E4AB}.Release|Any CPU.ActiveCfg = Release|Any CPU
		{AF460531-B6B3-4D69-97B9-32EDC223E4AB}.Release|Any CPU.Build.0 = Release|Any CPU
	EndGlobalSection
	GlobalSection(SolutionProperties) = preSolution
		HideSolutionNode = FALSE
	EndGlobalSection
	GlobalSection(ExtensibilityGlobals) = postSolution
		SolutionGuid = {FCAD83FB-556A-4660-90E4-D8B284475BE3}
	EndGlobalSection
EndGlobal
